
Microsoft Visual Studio Solution File, Format Version 12.00
# Visual Studio Version 17
VisualStudioVersion = 17.5.33530.505
MinimumVisualStudioVersion = 10.0.40219.1
Project("{FAE04EC0-301F-11D3-BF4B-00C04F79EFBC}") = "EvaluacionForm", "EvaluacionForm\EvaluacionForm.csproj", "{BE72950B-880D-49D7-A44D-60EDEE3ED292}"
EndProject
Global
	GlobalSection(SolutionConfigurationPlatforms) = preSolution
		Debug|Any CPU = Debug|Any CPU
		Release|Any CPU = Release|Any CPU
	EndGlobalSection
	GlobalSection(ProjectConfigurationPlatforms) = postSolution
		{BE72950B-880D-49D7-A44D-60EDEE3ED292}.Debug|Any CPU.ActiveCfg = Debug|Any CPU
		{BE72950B-880D-49D7-A44D-60EDEE3ED292}.Debug|Any CPU.Build.0 = Debug|Any CPU
		{BE72950B-880D-49D7-A44D-60EDEE3ED292}.Release|Any CPU.ActiveCfg = Release|Any CPU
		{BE72950B-880D-49D7-A44D-60EDEE3ED292}.Release|Any CPU.Build.0 = Release|Any CPU
	EndGlobalSection
	GlobalSection(SolutionProperties) = preSolution
		HideSolutionNode = FALSE
	EndGlobalSection
	GlobalSection(ExtensibilityGlobals) = postSolution
		SolutionGuid = {728630CA-CB5D-4482-BB7F-35BC1F5F38CF}
	EndGlobalSection
EndGlobal
