
Microsoft Visual Studio Solution File, Format Version 12.00
# Visual Studio Version 17
VisualStudioVersion = 17.5.33424.131
MinimumVisualStudioVersion = 10.0.40219.1
Project("{FAE04EC0-301F-11D3-BF4B-00C04F79EFBC}") = "ejer_listas_3", "ejer_listas_3\ejer_listas_3.csproj", "{5836BD88-D8CC-4ECC-9421-A88C88DF6D2B}"
EndProject
Global
	GlobalSection(SolutionConfigurationPlatforms) = preSolution
		Debug|Any CPU = Debug|Any CPU
		Release|Any CPU = Release|Any CPU
	EndGlobalSection
	GlobalSection(ProjectConfigurationPlatforms) = postSolution
		{5836BD88-D8CC-4ECC-9421-A88C88DF6D2B}.Debug|Any CPU.ActiveCfg = Debug|Any CPU
		{5836BD88-D8CC-4ECC-9421-A88C88DF6D2B}.Debug|Any CPU.Build.0 = Debug|Any CPU
		{5836BD88-D8CC-4ECC-9421-A88C88DF6D2B}.Release|Any CPU.ActiveCfg = Release|Any CPU
		{5836BD88-D8CC-4ECC-9421-A88C88DF6D2B}.Release|Any CPU.Build.0 = Release|Any CPU
	EndGlobalSection
	GlobalSection(SolutionProperties) = preSolution
		HideSolutionNode = FALSE
	EndGlobalSection
	GlobalSection(ExtensibilityGlobals) = postSolution
		SolutionGuid = {6257C71F-974D-4D2C-958E-E990108E460C}
	EndGlobalSection
EndGlobal
