
Microsoft Visual Studio Solution File, Format Version 12.00
# Visual Studio Version 17
VisualStudioVersion = 17.5.33424.131
MinimumVisualStudioVersion = 10.0.40219.1
Project("{FAE04EC0-301F-11D3-BF4B-00C04F79EFBC}") = "app6", "app6\app6.csproj", "{8E197113-084D-4244-B88C-9A0EDEA1AE81}"
EndProject
Global
	GlobalSection(SolutionConfigurationPlatforms) = preSolution
		Debug|Any CPU = Debug|Any CPU
		Release|Any CPU = Release|Any CPU
	EndGlobalSection
	GlobalSection(ProjectConfigurationPlatforms) = postSolution
		{8E197113-084D-4244-B88C-9A0EDEA1AE81}.Debug|Any CPU.ActiveCfg = Debug|Any CPU
		{8E197113-084D-4244-B88C-9A0EDEA1AE81}.Debug|Any CPU.Build.0 = Debug|Any CPU
		{8E197113-084D-4244-B88C-9A0EDEA1AE81}.Release|Any CPU.ActiveCfg = Release|Any CPU
		{8E197113-084D-4244-B88C-9A0EDEA1AE81}.Release|Any CPU.Build.0 = Release|Any CPU
	EndGlobalSection
	GlobalSection(SolutionProperties) = preSolution
		HideSolutionNode = FALSE
	EndGlobalSection
	GlobalSection(ExtensibilityGlobals) = postSolution
		SolutionGuid = {14DBCF30-251B-4CE7-A81E-A9D4844B0E42}
	EndGlobalSection
EndGlobal
