
Microsoft Visual Studio Solution File, Format Version 12.00
# Visual Studio Version 17
VisualStudioVersion = 17.5.33424.131
MinimumVisualStudioVersion = 10.0.40219.1
Project("{FAE04EC0-301F-11D3-BF4B-00C04F79EFBC}") = "ejer_aprobacion_14", "ejer_aprobacion_14\ejer_aprobacion_14.csproj", "{609C169D-9EAF-41BE-B9EF-96004B02F014}"
EndProject
Global
	GlobalSection(SolutionConfigurationPlatforms) = preSolution
		Debug|Any CPU = Debug|Any CPU
		Release|Any CPU = Release|Any CPU
	EndGlobalSection
	GlobalSection(ProjectConfigurationPlatforms) = postSolution
		{609C169D-9EAF-41BE-B9EF-96004B02F014}.Debug|Any CPU.ActiveCfg = Debug|Any CPU
		{609C169D-9EAF-41BE-B9EF-96004B02F014}.Debug|Any CPU.Build.0 = Debug|Any CPU
		{609C169D-9EAF-41BE-B9EF-96004B02F014}.Release|Any CPU.ActiveCfg = Release|Any CPU
		{609C169D-9EAF-41BE-B9EF-96004B02F014}.Release|Any CPU.Build.0 = Release|Any CPU
	EndGlobalSection
	GlobalSection(SolutionProperties) = preSolution
		HideSolutionNode = FALSE
	EndGlobalSection
	GlobalSection(ExtensibilityGlobals) = postSolution
		SolutionGuid = {22FBBB36-50E8-48C0-998E-CB067976CC54}
	EndGlobalSection
EndGlobal
