
Microsoft Visual Studio Solution File, Format Version 12.00
# Visual Studio Version 17
VisualStudioVersion = 17.7.34221.43
MinimumVisualStudioVersion = 10.0.40219.1
Project("{FAE04EC0-301F-11D3-BF4B-00C04F79EFBC}") = "Juego", "Juego\Juego.csproj", "{D3922C22-DEB6-42EA-B66F-648EC9409F5F}"
EndProject
Global
	GlobalSection(SolutionConfigurationPlatforms) = preSolution
		Debug|Any CPU = Debug|Any CPU
		Release|Any CPU = Release|Any CPU
	EndGlobalSection
	GlobalSection(ProjectConfigurationPlatforms) = postSolution
		{D3922C22-DEB6-42EA-B66F-648EC9409F5F}.Debug|Any CPU.ActiveCfg = Debug|Any CPU
		{D3922C22-DEB6-42EA-B66F-648EC9409F5F}.Debug|Any CPU.Build.0 = Debug|Any CPU
		{D3922C22-DEB6-42EA-B66F-648EC9409F5F}.Release|Any CPU.ActiveCfg = Release|Any CPU
		{D3922C22-DEB6-42EA-B66F-648EC9409F5F}.Release|Any CPU.Build.0 = Release|Any CPU
	EndGlobalSection
	GlobalSection(SolutionProperties) = preSolution
		HideSolutionNode = FALSE
	EndGlobalSection
	GlobalSection(ExtensibilityGlobals) = postSolution
		SolutionGuid = {63404BFE-F59B-4B8B-8CA6-18A72E4944FF}
	EndGlobalSection
EndGlobal
