
Microsoft Visual Studio Solution File, Format Version 12.00
# Visual Studio Version 17
VisualStudioVersion = 17.5.33424.131
MinimumVisualStudioVersion = 10.0.40219.1
Project("{FAE04EC0-301F-11D3-BF4B-00C04F79EFBC}") = "ejer3_aprobacion", "ejer3_aprobacion\ejer3_aprobacion.csproj", "{0E2AEB8F-9A7A-49BA-9FF5-197C0CF6D1AE}"
EndProject
Global
	GlobalSection(SolutionConfigurationPlatforms) = preSolution
		Debug|Any CPU = Debug|Any CPU
		Release|Any CPU = Release|Any CPU
	EndGlobalSection
	GlobalSection(ProjectConfigurationPlatforms) = postSolution
		{0E2AEB8F-9A7A-49BA-9FF5-197C0CF6D1AE}.Debug|Any CPU.ActiveCfg = Debug|Any CPU
		{0E2AEB8F-9A7A-49BA-9FF5-197C0CF6D1AE}.Debug|Any CPU.Build.0 = Debug|Any CPU
		{0E2AEB8F-9A7A-49BA-9FF5-197C0CF6D1AE}.Release|Any CPU.ActiveCfg = Release|Any CPU
		{0E2AEB8F-9A7A-49BA-9FF5-197C0CF6D1AE}.Release|Any CPU.Build.0 = Release|Any CPU
	EndGlobalSection
	GlobalSection(SolutionProperties) = preSolution
		HideSolutionNode = FALSE
	EndGlobalSection
	GlobalSection(ExtensibilityGlobals) = postSolution
		SolutionGuid = {1C91E044-1A78-4361-A602-B3A0F8A34E18}
	EndGlobalSection
EndGlobal
